
Microsoft Visual Studio Solution File, Format Version 12.00
# Visual Studio Version 16
VisualStudioVersion = 25.0.1705.0
MinimumVisualStudioVersion = 10.0.40219.1
Project("{FAE04EC0-301F-11D3-BF4B-00C04F79EFBC}") = "status-page", "status-page\status-page.csproj", "{9BD3FE8B-3F9C-4812-92AE-442D44D42768}"
EndProject
Global
	GlobalSection(SolutionConfigurationPlatforms) = preSolution
		Debug|Any CPU = Debug|Any CPU
		Release|Any CPU = Release|Any CPU
	EndGlobalSection
	GlobalSection(ProjectConfigurationPlatforms) = postSolution
		{9BD3FE8B-3F9C-4812-92AE-442D44D42768}.Debug|Any CPU.ActiveCfg = Debug|Any CPU
		{9BD3FE8B-3F9C-4812-92AE-442D44D42768}.Debug|Any CPU.Build.0 = Debug|Any CPU
		{9BD3FE8B-3F9C-4812-92AE-442D44D42768}.Release|Any CPU.ActiveCfg = Release|Any CPU
		{9BD3FE8B-3F9C-4812-92AE-442D44D42768}.Release|Any CPU.Build.0 = Release|Any CPU
	EndGlobalSection
	GlobalSection(SolutionProperties) = preSolution
		HideSolutionNode = FALSE
	EndGlobalSection
	GlobalSection(ExtensibilityGlobals) = postSolution
		SolutionGuid = {A183660D-9965-43AC-90C2-80F457906671}
	EndGlobalSection
EndGlobal
